
Microsoft Visual Studio Solution File, Format Version 12.00
# Visual Studio Version 17
VisualStudioVersion = 17.9.34728.123
MinimumVisualStudioVersion = 10.0.40219.1
Project("{9A19103F-16F7-4668-BE54-9A1E7A4F7556}") = "Diary", "Diary\Diary.csproj", "{7072CCD4-D30A-4D57-A43C-4DFBB38D6DAB}"
EndProject
Global
	GlobalSection(SolutionConfigurationPlatforms) = preSolution
		Debug|Any CPU = Debug|Any CPU
		Release|Any CPU = Release|Any CPU
	EndGlobalSection
	GlobalSection(ProjectConfigurationPlatforms) = postSolution
		{7072CCD4-D30A-4D57-A43C-4DFBB38D6DAB}.Debug|Any CPU.ActiveCfg = Debug|Any CPU
		{7072CCD4-D30A-4D57-A43C-4DFBB38D6DAB}.Debug|Any CPU.Build.0 = Debug|Any CPU
		{7072CCD4-D30A-4D57-A43C-4DFBB38D6DAB}.Release|Any CPU.ActiveCfg = Release|Any CPU
		{7072CCD4-D30A-4D57-A43C-4DFBB38D6DAB}.Release|Any CPU.Build.0 = Release|Any CPU
	EndGlobalSection
	GlobalSection(SolutionProperties) = preSolution
		HideSolutionNode = FALSE
	EndGlobalSection
	GlobalSection(ExtensibilityGlobals) = postSolution
		SolutionGuid = {6C229A07-6503-45C2-B5E6-3DCD7FFB3C54}
	EndGlobalSection
EndGlobal
